
Microsoft Visual Studio Solution File, Format Version 12.00
# Visual Studio Version 17
VisualStudioVersion = 17.14.36623.8 d17.14
MinimumVisualStudioVersion = 10.0.40219.1
Project("{FAE04EC0-301F-11D3-BF4B-00C04F79EFBC}") = "ABCDMallWebsite", "ABCDMallWebsite\ABCDMallWebsite.csproj", "{9A3CCB76-0F14-4028-A0F4-817D3FB3469F}"
EndProject
Global
	GlobalSection(SolutionConfigurationPlatforms) = preSolution
		Debug|Any CPU = Debug|Any CPU
		Release|Any CPU = Release|Any CPU
	EndGlobalSection
	GlobalSection(ProjectConfigurationPlatforms) = postSolution
		{9A3CCB76-0F14-4028-A0F4-817D3FB3469F}.Debug|Any CPU.ActiveCfg = Debug|Any CPU
		{9A3CCB76-0F14-4028-A0F4-817D3FB3469F}.Debug|Any CPU.Build.0 = Debug|Any CPU
		{9A3CCB76-0F14-4028-A0F4-817D3FB3469F}.Release|Any CPU.ActiveCfg = Release|Any CPU
		{9A3CCB76-0F14-4028-A0F4-817D3FB3469F}.Release|Any CPU.Build.0 = Release|Any CPU
	EndGlobalSection
	GlobalSection(SolutionProperties) = preSolution
		HideSolutionNode = FALSE
	EndGlobalSection
	GlobalSection(ExtensibilityGlobals) = postSolution
		SolutionGuid = {32939480-AB89-47C5-8DAC-B2782A9D55B7}
	EndGlobalSection
EndGlobal
